# This file is generated by running "yarn install" inside your project.
# Manual changes might be lost - proceed with caution!

__metadata:
  version: 8
  cacheKey: 10c0

"@cspotcode/source-map-consumer@npm:0.8.0":
  version: 0.8.0
  resolution: "@cspotcode/source-map-consumer@npm:0.8.0"
  checksum: 44428e50f896df065c3a22d6bddeac344f3e31af57cbc2ddf753a95addcabbe685d92e534f4dcde0cabbbcfbc122d1cb957785b36344d54c422b781a8d1a2a01
  languageName: node
  linkType: hard

"@cspotcode/source-map-support@npm:0.7.0":
  version: 0.7.0
  resolution: "@cspotcode/source-map-support@npm:0.7.0"
  dependencies:
    "@cspotcode/source-map-consumer": "npm:0.8.0"
  checksum: be290e5b9f49c1fa83997f80e02c29d5bece279fad08d8b7ee862c68aaf74be613cfcf396d19701273a5d47436f08905b36fdd286bef704767b493394a8ade39
  languageName: node
  linkType: hard

"@tsconfig/node10@npm:^1.0.7":
  version: 1.0.8
  resolution: "@tsconfig/node10@npm:1.0.8"
  checksum: d400f7b5c02acd74620f892c0f41cea39e7c1b5f7f272ad6f127f4b1fba23346b2d8e30d272731a733675494145f6aa74f9faf050390c034c7c553123ab979b3
  languageName: node
  linkType: hard

"@tsconfig/node12@npm:^1.0.7":
  version: 1.0.9
  resolution: "@tsconfig/node12@npm:1.0.9"
  checksum: fc1fb68a89d8a641953036d23d95fe68f69f74d37a499db20791b09543ad23afe7ae9ee0840eea92dd470bdcba69eef6f1ed3fe90ba64d763bcd3f738e364597
  languageName: node
  linkType: hard

"@tsconfig/node14@npm:^1.0.0":
  version: 1.0.1
  resolution: "@tsconfig/node14@npm:1.0.1"
  checksum: abd4e27d9ad712e1e229716a3dbf35d5cbb580d624a82d67414e7606cefd85d502e58800a2ab930d46a428fcfcb199436283b1a88e47d738ca1a5f7fd022ee74
  languageName: node
  linkType: hard

"@tsconfig/node16@npm:^1.0.2":
  version: 1.0.2
  resolution: "@tsconfig/node16@npm:1.0.2"
  checksum: d402706562444a173d48810d13fdf866c78f1b876ed8962eeac6c7cddf4e29e8aaa06dc28093219e3e9eb6316799cf4d9a7acba62c6a4e215ee0c94d83f9081f
  languageName: node
  linkType: hard

"@types/lodash@npm:^4.14.161":
  version: 4.14.161
  resolution: "@types/lodash@npm:4.14.161"
  checksum: 4259c32e395a3527bdf883a4f519dfc44e98f6f1a406703e2e57289ecca9f9a1a5f9a585230fdd9545cb1fd693d09223a2ba2d5a49c14f32f810efd56330161f
  languageName: node
  linkType: hard

"@types/node@npm:^14.11.8":
  version: 14.11.8
  resolution: "@types/node@npm:14.11.8"
  checksum: 4eeb63d72040e5afe5b53d5f25dda60c6f54f10e8bc6e16c8dca91bb78731eec77d9f826135d3bb5169cc4a1c64f98e90c126f5898cdacd945b21bb21526627f
  languageName: node
  linkType: hard

"acorn-walk@npm:^8.1.1":
  version: 8.2.0
  resolution: "acorn-walk@npm:8.2.0"
  checksum: dbe92f5b2452c93e960c5594e666dd1fae141b965ff2cb4a1e1d0381e3e4db4274c5ce4ffa3d681a86ca2a8d4e29d5efc0670a08e23fd2800051ea387df56ca2
  languageName: node
  linkType: hard

"acorn@npm:^8.4.1":
  version: 8.7.0
  resolution: "acorn@npm:8.7.0"
  bin:
    acorn: bin/acorn
  checksum: 8168e567c2f0b9fb7a418d2651b4b614326a0814b4937ebddee0f5e5e25ddd6320aec0c20d3a67efd97a02d836cc7f9e5c84befe3daeeea68ed89a48ee8f7a5d
  languageName: node
  linkType: hard

"arg@npm:^4.1.0":
  version: 4.1.3
  resolution: "arg@npm:4.1.3"
  checksum: 070ff801a9d236a6caa647507bdcc7034530604844d64408149a26b9e87c2f97650055c0f049abd1efc024b334635c01f29e0b632b371ac3f26130f4cf65997a
  languageName: node
  linkType: hard

"axios@npm:^0.20.0":
  version: 0.20.0
  resolution: "axios@npm:0.20.0"
  dependencies:
    follow-redirects: "npm:^1.10.0"
  checksum: 36dffb87c584d75bc5b009165c78031aab113f874b81c510deab369a63a2a27bd241395751a801c79d2ed2dcee55a4d8a557f0c1b9fd7de6c38bdd1ad7f56783
  languageName: node
  linkType: hard

"base64-js@npm:^1.3.1":
  version: 1.3.1
  resolution: "base64-js@npm:1.3.1"
  checksum: f111a2c2b105eb9ee3818c30154e047fb00370699a03c2130d0944f10914697677ceb5faec64ea851e00710b80539afb03e9aa098e19c183a5e7a1cdc18abb29
  languageName: node
  linkType: hard

"biskviit@npm:1.0.1":
  version: 1.0.1
  resolution: "biskviit@npm:1.0.1"
  dependencies:
    psl: "npm:^1.1.7"
  checksum: 25325ddeb1f7bacf34f33266a84a89dd370e082b63252be11827b1ccc4e371e55f45c13939719b5715dc4e4fb79f63795935f7f4532365c8de8940c46f29f863
  languageName: node
  linkType: hard

"bluebird@npm:^3.5.5":
  version: 3.7.2
  resolution: "bluebird@npm:3.7.2"
  checksum: 680de03adc54ff925eaa6c7bb9a47a0690e8b5de60f4792604aae8ed618c65e6b63a7893b57ca924beaf53eee69c5af4f8314148c08124c550fe1df1add897d2
  languageName: node
  linkType: hard

"create-require@npm:^1.1.0":
  version: 1.1.1
  resolution: "create-require@npm:1.1.1"
  checksum: 157cbc59b2430ae9a90034a5f3a1b398b6738bf510f713edc4d4e45e169bc514d3d99dd34d8d01ca7ae7830b5b8b537e46ae8f3c8f932371b0875c0151d7ec91
  languageName: node
  linkType: hard

"diff@npm:^4.0.1":
  version: 4.0.2
  resolution: "diff@npm:4.0.2"
  checksum: 81b91f9d39c4eaca068eb0c1eb0e4afbdc5bb2941d197f513dd596b820b956fef43485876226d65d497bebc15666aa2aa82c679e84f65d5f2bfbf14ee46e32c1
  languageName: node
  linkType: hard

"encoding@npm:0.1.12":
  version: 0.1.12
  resolution: "encoding@npm:0.1.12"
  dependencies:
    iconv-lite: "npm:~0.4.13"
  checksum: 1d0daefb259fb0c97b90baa7f98ea9bb3916a1aef39e21c2888a1602fb616fcd422db6e6281839dc7ff32c1db7448bcd258954d37d4f0e5f1503357db0793ee6
  languageName: node
  linkType: hard

"ews-javascript-api@npm:^0.10.3":
  version: 0.10.3
  resolution: "ews-javascript-api@npm:0.10.3"
  dependencies:
    base64-js: "npm:^1.3.1"
    bluebird: "npm:^3.5.5"
    fetch: "npm:^1.1.0"
    moment: "npm:^2.24.0"
    moment-timezone: "npm:^0.5.26"
    uuid: "npm:^3.3.3"
    xmldom: "npm:^0.1.27"
  dependenciesMeta:
    bluebird:
      optional: true
    fetch:
      optional: true
  checksum: c6bdaab3fef61682fd5828d56d1835c23d0a86bd28e89f8c50a871143ee3e772b457b046b1a9de7cc5e0ed3a60a27160d01c99e9caca690a42aae3f8b1f634a6
  languageName: node
  linkType: hard

"exchange-ndr-handler@workspace:.":
  version: 0.0.0-use.local
  resolution: "exchange-ndr-handler@workspace:."
  dependencies:
    "@types/lodash": "npm:^4.14.161"
    "@types/node": "npm:^14.11.8"
    axios: "npm:^0.20.0"
    ews-javascript-api: "npm:^0.10.3"
    lodash: "npm:^4.17.20"
    ts-node: "npm:^10.4.0"
    typescript: "npm:^4.0.3"
  languageName: unknown
  linkType: soft

"fetch@npm:^1.1.0":
  version: 1.1.0
  resolution: "fetch@npm:1.1.0"
  dependencies:
    biskviit: "npm:1.0.1"
    encoding: "npm:0.1.12"
  checksum: 52689b6eb1dd5e8f6b8554a57dfb6e061fc0326d312c8a1296265bb8e7a8c022bc497e7d3e58f223ed36448a11b55f085156afb193e2b1da6231f328c26a8b3a
  languageName: node
  linkType: hard

"follow-redirects@npm:^1.10.0":
  version: 1.13.0
  resolution: "follow-redirects@npm:1.13.0"
  checksum: 67b60397f22b12378c51e4f53102f3b56d37b19707fc1254ffa49c70752ec4221c745ba26effc69f9c74c3eac2322ce83ea2128a45aa3fc7af0ef58569d72d45
  languageName: node
  linkType: hard

"iconv-lite@npm:~0.4.13":
  version: 0.4.24
  resolution: "iconv-lite@npm:0.4.24"
  dependencies:
    safer-buffer: "npm:>= 2.1.2 < 3"
  checksum: c6886a24cc00f2a059767440ec1bc00d334a89f250db8e0f7feb4961c8727118457e27c495ba94d082e51d3baca378726cd110aaf7ded8b9bbfd6a44760cf1d4
  languageName: node
  linkType: hard

"lodash@npm:^4.17.20":
  version: 4.17.20
  resolution: "lodash@npm:4.17.20"
  checksum: faec37cb9f161b766bdc078a1356a07b9eaaa867796dd2520a407fe0a6a6d7be031e8f228f0cf3d305095703ee40258616c870b8d17dcdcb16f745bf31e8c3c2
  languageName: node
  linkType: hard

"make-error@npm:^1.1.1":
  version: 1.3.6
  resolution: "make-error@npm:1.3.6"
  checksum: 171e458d86854c6b3fc46610cfacf0b45149ba043782558c6875d9f42f222124384ad0b468c92e996d815a8a2003817a710c0a160e49c1c394626f76fa45396f
  languageName: node
  linkType: hard

"moment-timezone@npm:^0.5.26":
  version: 0.5.31
  resolution: "moment-timezone@npm:0.5.31"
  dependencies:
    moment: "npm:>= 2.9.0"
  checksum: e33b5312e6dd2b4fd093eb92fe4af746b40b8a7bd74b17a024ad9823306dcf557bf32dfe6873cac1940e9437b54ca5bda50fdea9a0618fc33adb151cf1904e1b
  languageName: node
  linkType: hard

"moment@npm:>= 2.9.0, moment@npm:^2.24.0":
  version: 2.29.1
  resolution: "moment@npm:2.29.1"
  checksum: 2617e383c0e0f910696214d026b9742173ea1916775d2023b39fd7d5fc3fae694f67c17876d154e246b139ad2a8028c42b2898c66cd665316b61c18453a5103f
  languageName: node
  linkType: hard

"psl@npm:^1.1.7":
  version: 1.8.0
  resolution: "psl@npm:1.8.0"
  checksum: b5f1956f7530860e1918e7238291689fdc3cab9c2c0cdbc47cde21addcc7f62495d794692cc1e43e54728d273f78037e8e73ac43009509a1a7f823341f4039c8
  languageName: node
  linkType: hard

"safer-buffer@npm:>= 2.1.2 < 3":
  version: 2.1.2
  resolution: "safer-buffer@npm:2.1.2"
  checksum: 7e3c8b2e88a1841c9671094bbaeebd94448111dd90a81a1f606f3f67708a6ec57763b3b47f06da09fc6054193e0e6709e77325415dc8422b04497a8070fa02d4
  languageName: node
  linkType: hard

"ts-node@npm:^10.4.0":
  version: 10.4.0
  resolution: "ts-node@npm:10.4.0"
  dependencies:
    "@cspotcode/source-map-support": "npm:0.7.0"
    "@tsconfig/node10": "npm:^1.0.7"
    "@tsconfig/node12": "npm:^1.0.7"
    "@tsconfig/node14": "npm:^1.0.0"
    "@tsconfig/node16": "npm:^1.0.2"
    acorn: "npm:^8.4.1"
    acorn-walk: "npm:^8.1.1"
    arg: "npm:^4.1.0"
    create-require: "npm:^1.1.0"
    diff: "npm:^4.0.1"
    make-error: "npm:^1.1.1"
    yn: "npm:3.1.1"
  peerDependencies:
    "@swc/core": ">=1.2.50"
    "@swc/wasm": ">=1.2.50"
    "@types/node": "*"
    typescript: ">=2.7"
  peerDependenciesMeta:
    "@swc/core":
      optional: true
    "@swc/wasm":
      optional: true
  bin:
    ts-node: dist/bin.js
    ts-node-cwd: dist/bin-cwd.js
    ts-node-script: dist/bin-script.js
    ts-node-transpile-only: dist/bin-transpile.js
    ts-script: dist/bin-script-deprecated.js
  checksum: 380f84e561f379545a6648c7da0c8510a53e78a554b437e40bd180d5d1f305f32d8b9b327e9eb1177f60d61893940430bb3fa74d62e0a6f6e1a839366e2cda5c
  languageName: node
  linkType: hard

"typescript@npm:^4.0.3":
  version: 4.0.3
  resolution: "typescript@npm:4.0.3"
  bin:
    tsc: bin/tsc
    tsserver: bin/tsserver
  checksum: 435bfbd0a533edfd2a35a71b0d304115ad104c43a8c3c12c8fa4d078fee1802343348805231347c4fd44be742030852004cd9df3b7a26ff48c34c188452ac05f
  languageName: node
  linkType: hard

"typescript@patch:typescript@npm%3A^4.0.3#optional!builtin<compat/typescript>":
  version: 4.0.3
  resolution: "typescript@patch:typescript@npm%3A4.0.3#optional!builtin<compat/typescript>::version=4.0.3&hash=ed6a74"
  bin:
    tsc: bin/tsc
    tsserver: bin/tsserver
  checksum: bb76ae8c97e7b8effa8c7009b1065def5f6825f45bfddef7a2c6e12a1b1c0856546895fe2c083ee1bbd855ea200ab0f610ce5bbecaf8ecb657521b381fc32eaa
  languageName: node
  linkType: hard

"uuid@npm:^3.3.3":
  version: 3.4.0
  resolution: "uuid@npm:3.4.0"
  bin:
    uuid: ./bin/uuid
  checksum: 1c13950df865c4f506ebfe0a24023571fa80edf2e62364297a537c80af09c618299797bbf2dbac6b1f8ae5ad182ba474b89db61e0e85839683991f7e08795347
  languageName: node
  linkType: hard

"xmldom@npm:^0.1.27":
  version: 0.1.31
  resolution: "xmldom@npm:0.1.31"
  checksum: 7f20d4f0cb314dbdcf86f392690b4323762fe0a57d3fe84a7878da8b9fa651d0d73e3bd7225f97bafb9077cb3627021c05cf9c14ddda507619c6c5940eed3e42
  languageName: node
  linkType: hard

"yn@npm:3.1.1":
  version: 3.1.1
  resolution: "yn@npm:3.1.1"
  checksum: 0732468dd7622ed8a274f640f191f3eaf1f39d5349a1b72836df484998d7d9807fbea094e2f5486d6b0cd2414aad5775972df0e68f8604db89a239f0f4bf7443
  languageName: node
  linkType: hard
